// !$*UTF8*$!
{
	archiveVersion = 1;
	classes = {
	};
	objectVersion = 55;
	objects = {

/* Begin PBXBuildFile section */
		77D57CC6F84EFC43DD446BB2 /* Pods_TO_DO_v2.framework in Frameworks */ = {isa = PBXBuildFile; fileRef = 39DBB2F7C5A8C26B9E022062 /* Pods_TO_DO_v2.framework */; };
		90BB1BEC5E80F7A7639085B6 /* Pods_TO_DO_v2_TO_DO_v2UITests.framework in Frameworks */ = {isa = PBXBuildFile; fileRef = 3CBDC9B17C06D53D03D63927 /* Pods_TO_DO_v2_TO_DO_v2UITests.framework */; };
		B842EB0F2863AE2900141D91 /* AppDelegate.swift in Sources */ = {isa = PBXBuildFile; fileRef = B842EB0E2863AE2900141D91 /* AppDelegate.swift */; };
		B842EB112863AE2900141D91 /* SceneDelegate.swift in Sources */ = {isa = PBXBuildFile; fileRef = B842EB102863AE2900141D91 /* SceneDelegate.swift */; };
		B842EB182863AE3E00141D91 /* Assets.xcassets in Resources */ = {isa = PBXBuildFile; fileRef = B842EB172863AE3E00141D91 /* Assets.xcassets */; };
		B842EB1B2863AE3E00141D91 /* LaunchScreen.storyboard in Resources */ = {isa = PBXBuildFile; fileRef = B842EB192863AE3E00141D91 /* LaunchScreen.storyboard */; };
		B842EB262863AE4000141D91 /* TO_DO_v2Tests.swift in Sources */ = {isa = PBXBuildFile; fileRef = B842EB252863AE4000141D91 /* TO_DO_v2Tests.swift */; };
		B842EB302863AE4000141D91 /* TO_DO_v2UITests.swift in Sources */ = {isa = PBXBuildFile; fileRef = B842EB2F2863AE4000141D91 /* TO_DO_v2UITests.swift */; };
		B842EB322863AE4000141D91 /* TO_DO_v2UITestsLaunchTests.swift in Sources */ = {isa = PBXBuildFile; fileRef = B842EB312863AE4000141D91 /* TO_DO_v2UITestsLaunchTests.swift */; };
		B8B0A58C286B8CCB007007D9 /* UIView.swift in Sources */ = {isa = PBXBuildFile; fileRef = B8B0A58B286B8CCB007007D9 /* UIView.swift */; };
		B8B0A58E286B934C007007D9 /* ToDoNavigationController.swift in Sources */ = {isa = PBXBuildFile; fileRef = B8B0A58D286B934C007007D9 /* ToDoNavigationController.swift */; };
		B8B400B42863B5F000A4EDB0 /* ToDoListVC.swift in Sources */ = {isa = PBXBuildFile; fileRef = B8B400B32863B5F000A4EDB0 /* ToDoListVC.swift */; };
		B8B400B62863B62C00A4EDB0 /* ToDoListView.swift in Sources */ = {isa = PBXBuildFile; fileRef = B8B400B52863B62C00A4EDB0 /* ToDoListView.swift */; };
		B8E3ACBD28686EAA0034E45C /* Reducer.swift in Sources */ = {isa = PBXBuildFile; fileRef = B8E3ACBC28686EAA0034E45C /* Reducer.swift */; };
		B8E3ACC128686F220034E45C /* ToDo.swift in Sources */ = {isa = PBXBuildFile; fileRef = B8E3ACC028686F220034E45C /* ToDo.swift */; };
		B8E3ACC328686F530034E45C /* AppState.swift in Sources */ = {isa = PBXBuildFile; fileRef = B8E3ACC228686F530034E45C /* AppState.swift */; };
		B8E3ACC62868710D0034E45C /* AddTodoAction.swift in Sources */ = {isa = PBXBuildFile; fileRef = B8E3ACC52868710D0034E45C /* AddTodoAction.swift */; };
		B8E3ACC82868715A0034E45C /* RemoveToDoAction.swift in Sources */ = {isa = PBXBuildFile; fileRef = B8E3ACC72868715A0034E45C /* RemoveToDoAction.swift */; };
		B8E3ACCA2868717B0034E45C /* UpdateToDoAction.swift in Sources */ = {isa = PBXBuildFile; fileRef = B8E3ACC92868717B0034E45C /* UpdateToDoAction.swift */; };
		B8E3ACCC286887A30034E45C /* App.swift in Sources */ = {isa = PBXBuildFile; fileRef = B8E3ACCB286887A30034E45C /* App.swift */; };
		B8E3ACD12868E5970034E45C /* ProfileView.swift in Sources */ = {isa = PBXBuildFile; fileRef = B8E3ACD02868E5970034E45C /* ProfileView.swift */; };
		B8E3ACD32868E65C0034E45C /* ProfileVC.swift in Sources */ = {isa = PBXBuildFile; fileRef = B8E3ACD22868E65C0034E45C /* ProfileVC.swift */; };
		B8EABDE82948A618007F347C /* SwiftRedux.framework in Frameworks */ = {isa = PBXBuildFile; fileRef = B8FC5BA92948A4920024AE8D /* SwiftRedux.framework */; };
		B8EABDE92948A618007F347C /* SwiftRedux.framework in Embed Frameworks */ = {isa = PBXBuildFile; fileRef = B8FC5BA92948A4920024AE8D /* SwiftRedux.framework */; settings = {ATTRIBUTES = (CodeSignOnCopy, RemoveHeadersOnCopy, ); }; };
		B8F8F645286A4DCA007083B1 /* ToDoDetailView.swift in Sources */ = {isa = PBXBuildFile; fileRef = B8F8F644286A4DCA007083B1 /* ToDoDetailView.swift */; };
		B8F8F647286A5083007083B1 /* ToDoDetailVC.swift in Sources */ = {isa = PBXBuildFile; fileRef = B8F8F646286A5083007083B1 /* ToDoDetailVC.swift */; };
		CA1DB20CCCF888B9AB8D76FC /* Pods_TO_DO_v2Tests.framework in Frameworks */ = {isa = PBXBuildFile; fileRef = 34584FBF16C84D3964482E85 /* Pods_TO_DO_v2Tests.framework */; };
/* End PBXBuildFile section */

/* Begin PBXContainerItemProxy section */
		B842EB222863AE4000141D91 /* PBXContainerItemProxy */ = {
			isa = PBXContainerItemProxy;
			containerPortal = B842EB032863AE2900141D91 /* Project object */;
			proxyType = 1;
			remoteGlobalIDString = B842EB0A2863AE2900141D91;
			remoteInfo = "TO-DO_v2";
		};
		B842EB2C2863AE4000141D91 /* PBXContainerItemProxy */ = {
			isa = PBXContainerItemProxy;
			containerPortal = B842EB032863AE2900141D91 /* Project object */;
			proxyType = 1;
			remoteGlobalIDString = B842EB0A2863AE2900141D91;
			remoteInfo = "TO-DO_v2";
		};
		B8FC5BA82948A4920024AE8D /* PBXContainerItemProxy */ = {
			isa = PBXContainerItemProxy;
			containerPortal = B8FC5BA32948A4920024AE8D /* SwiftRedux.xcodeproj */;
			proxyType = 2;
			remoteGlobalIDString = B8FC5B892948A43C0024AE8D;
			remoteInfo = SwiftRedux;
		};
		B8FC5BAA2948A4920024AE8D /* PBXContainerItemProxy */ = {
			isa = PBXContainerItemProxy;
			containerPortal = B8FC5BA32948A4920024AE8D /* SwiftRedux.xcodeproj */;
			proxyType = 2;
			remoteGlobalIDString = B8FC5B932948A43D0024AE8D;
			remoteInfo = SwiftReduxTests;
		};
/* End PBXContainerItemProxy section */

/* Begin PBXCopyFilesBuildPhase section */
		B8EABDEA2948A619007F347C /* Embed Frameworks */ = {
			isa = PBXCopyFilesBuildPhase;
			buildActionMask = 2147483647;
			dstPath = "";
			dstSubfolderSpec = 10;
			files = (
				B8EABDE92948A618007F347C /* SwiftRedux.framework in Embed Frameworks */,
			);
			name = "Embed Frameworks";
			runOnlyForDeploymentPostprocessing = 0;
		};
/* End PBXCopyFilesBuildPhase section */

/* Begin PBXFileReference section */
		34584FBF16C84D3964482E85 /* Pods_TO_DO_v2Tests.framework */ = {isa = PBXFileReference; explicitFileType = wrapper.framework; includeInIndex = 0; path = Pods_TO_DO_v2Tests.framework; sourceTree = BUILT_PRODUCTS_DIR; };
		39DBB2F7C5A8C26B9E022062 /* Pods_TO_DO_v2.framework */ = {isa = PBXFileReference; explicitFileType = wrapper.framework; includeInIndex = 0; path = Pods_TO_DO_v2.framework; sourceTree = BUILT_PRODUCTS_DIR; };
		3CBDC9B17C06D53D03D63927 /* Pods_TO_DO_v2_TO_DO_v2UITests.framework */ = {isa = PBXFileReference; explicitFileType = wrapper.framework; includeInIndex = 0; path = Pods_TO_DO_v2_TO_DO_v2UITests.framework; sourceTree = BUILT_PRODUCTS_DIR; };
		3FAD9FA0236D8402FE279A32 /* Pods-TO-DO_v2Tests.debug.xcconfig */ = {isa = PBXFileReference; includeInIndex = 1; lastKnownFileType = text.xcconfig; name = "Pods-TO-DO_v2Tests.debug.xcconfig"; path = "Target Support Files/Pods-TO-DO_v2Tests/Pods-TO-DO_v2Tests.debug.xcconfig"; sourceTree = "<group>"; };
		78B01B5875227C1D58F96E21 /* Pods-TO-DO_v2.release.xcconfig */ = {isa = PBXFileReference; includeInIndex = 1; lastKnownFileType = text.xcconfig; name = "Pods-TO-DO_v2.release.xcconfig"; path = "Target Support Files/Pods-TO-DO_v2/Pods-TO-DO_v2.release.xcconfig"; sourceTree = "<group>"; };
		8C44D85D586860243D11C6C8 /* Pods-TO-DO_v2.debug.xcconfig */ = {isa = PBXFileReference; includeInIndex = 1; lastKnownFileType = text.xcconfig; name = "Pods-TO-DO_v2.debug.xcconfig"; path = "Target Support Files/Pods-TO-DO_v2/Pods-TO-DO_v2.debug.xcconfig"; sourceTree = "<group>"; };
		98ADD212712F5D7966CE3C26 /* Pods-TO-DO_v2-TO-DO_v2UITests.debug.xcconfig */ = {isa = PBXFileReference; includeInIndex = 1; lastKnownFileType = text.xcconfig; name = "Pods-TO-DO_v2-TO-DO_v2UITests.debug.xcconfig"; path = "Target Support Files/Pods-TO-DO_v2-TO-DO_v2UITests/Pods-TO-DO_v2-TO-DO_v2UITests.debug.xcconfig"; sourceTree = "<group>"; };
		9925C96AF13C429E433D45DB /* Pods-TO-DO_v2Tests.release.xcconfig */ = {isa = PBXFileReference; includeInIndex = 1; lastKnownFileType = text.xcconfig; name = "Pods-TO-DO_v2Tests.release.xcconfig"; path = "Target Support Files/Pods-TO-DO_v2Tests/Pods-TO-DO_v2Tests.release.xcconfig"; sourceTree = "<group>"; };
		B842EB0B2863AE2900141D91 /* TO-DO_v2.app */ = {isa = PBXFileReference; explicitFileType = wrapper.application; includeInIndex = 0; path = "TO-DO_v2.app"; sourceTree = BUILT_PRODUCTS_DIR; };
		B842EB0E2863AE2900141D91 /* AppDelegate.swift */ = {isa = PBXFileReference; lastKnownFileType = sourcecode.swift; path = AppDelegate.swift; sourceTree = "<group>"; };
		B842EB102863AE2900141D91 /* SceneDelegate.swift */ = {isa = PBXFileReference; lastKnownFileType = sourcecode.swift; path = SceneDelegate.swift; sourceTree = "<group>"; };
		B842EB172863AE3E00141D91 /* Assets.xcassets */ = {isa = PBXFileReference; lastKnownFileType = folder.assetcatalog; path = Assets.xcassets; sourceTree = "<group>"; };
		B842EB1A2863AE3E00141D91 /* Base */ = {isa = PBXFileReference; lastKnownFileType = file.storyboard; name = Base; path = Base.lproj/LaunchScreen.storyboard; sourceTree = "<group>"; };
		B842EB1C2863AE3E00141D91 /* Info.plist */ = {isa = PBXFileReference; lastKnownFileType = text.plist.xml; path = Info.plist; sourceTree = "<group>"; };
		B842EB212863AE4000141D91 /* TO-DO_v2Tests.xctest */ = {isa = PBXFileReference; explicitFileType = wrapper.cfbundle; includeInIndex = 0; path = "TO-DO_v2Tests.xctest"; sourceTree = BUILT_PRODUCTS_DIR; };
		B842EB252863AE4000141D91 /* TO_DO_v2Tests.swift */ = {isa = PBXFileReference; lastKnownFileType = sourcecode.swift; path = TO_DO_v2Tests.swift; sourceTree = "<group>"; };
		B842EB2B2863AE4000141D91 /* TO-DO_v2UITests.xctest */ = {isa = PBXFileReference; explicitFileType = wrapper.cfbundle; includeInIndex = 0; path = "TO-DO_v2UITests.xctest"; sourceTree = BUILT_PRODUCTS_DIR; };
		B842EB2F2863AE4000141D91 /* TO_DO_v2UITests.swift */ = {isa = PBXFileReference; lastKnownFileType = sourcecode.swift; path = TO_DO_v2UITests.swift; sourceTree = "<group>"; };
		B842EB312863AE4000141D91 /* TO_DO_v2UITestsLaunchTests.swift */ = {isa = PBXFileReference; lastKnownFileType = sourcecode.swift; path = TO_DO_v2UITestsLaunchTests.swift; sourceTree = "<group>"; };
		B8B0A58B286B8CCB007007D9 /* UIView.swift */ = {isa = PBXFileReference; lastKnownFileType = sourcecode.swift; path = UIView.swift; sourceTree = "<group>"; };
		B8B0A58D286B934C007007D9 /* ToDoNavigationController.swift */ = {isa = PBXFileReference; lastKnownFileType = sourcecode.swift; path = ToDoNavigationController.swift; sourceTree = "<group>"; };
		B8B400B32863B5F000A4EDB0 /* ToDoListVC.swift */ = {isa = PBXFileReference; lastKnownFileType = sourcecode.swift; path = ToDoListVC.swift; sourceTree = "<group>"; };
		B8B400B52863B62C00A4EDB0 /* ToDoListView.swift */ = {isa = PBXFileReference; lastKnownFileType = sourcecode.swift; path = ToDoListView.swift; sourceTree = "<group>"; };
		B8E3ACBC28686EAA0034E45C /* Reducer.swift */ = {isa = PBXFileReference; lastKnownFileType = sourcecode.swift; path = Reducer.swift; sourceTree = "<group>"; };
		B8E3ACC028686F220034E45C /* ToDo.swift */ = {isa = PBXFileReference; lastKnownFileType = sourcecode.swift; path = ToDo.swift; sourceTree = "<group>"; };
		B8E3ACC228686F530034E45C /* AppState.swift */ = {isa = PBXFileReference; lastKnownFileType = sourcecode.swift; path = AppState.swift; sourceTree = "<group>"; };
		B8E3ACC52868710D0034E45C /* AddTodoAction.swift */ = {isa = PBXFileReference; lastKnownFileType = sourcecode.swift; path = AddTodoAction.swift; sourceTree = "<group>"; };
		B8E3ACC72868715A0034E45C /* RemoveToDoAction.swift */ = {isa = PBXFileReference; lastKnownFileType = sourcecode.swift; path = RemoveToDoAction.swift; sourceTree = "<group>"; };
		B8E3ACC92868717B0034E45C /* UpdateToDoAction.swift */ = {isa = PBXFileReference; lastKnownFileType = sourcecode.swift; path = UpdateToDoAction.swift; sourceTree = "<group>"; };
		B8E3ACCB286887A30034E45C /* App.swift */ = {isa = PBXFileReference; lastKnownFileType = sourcecode.swift; path = App.swift; sourceTree = "<group>"; };
		B8E3ACD02868E5970034E45C /* ProfileView.swift */ = {isa = PBXFileReference; lastKnownFileType = sourcecode.swift; path = ProfileView.swift; sourceTree = "<group>"; };
		B8E3ACD22868E65C0034E45C /* ProfileVC.swift */ = {isa = PBXFileReference; lastKnownFileType = sourcecode.swift; path = ProfileVC.swift; sourceTree = "<group>"; };
		B8F8F644286A4DCA007083B1 /* ToDoDetailView.swift */ = {isa = PBXFileReference; lastKnownFileType = sourcecode.swift; path = ToDoDetailView.swift; sourceTree = "<group>"; };
		B8F8F646286A5083007083B1 /* ToDoDetailVC.swift */ = {isa = PBXFileReference; lastKnownFileType = sourcecode.swift; path = ToDoDetailVC.swift; sourceTree = "<group>"; };
		B8FC5BA32948A4920024AE8D /* SwiftRedux.xcodeproj */ = {isa = PBXFileReference; lastKnownFileType = "wrapper.pb-project"; name = SwiftRedux.xcodeproj; path = ../SwiftRedux/SwiftRedux.xcodeproj; sourceTree = "<group>"; };
		C50726FED1F3229F50E0547D /* Pods-TO-DO_v2-TO-DO_v2UITests.release.xcconfig */ = {isa = PBXFileReference; includeInIndex = 1; lastKnownFileType = text.xcconfig; name = "Pods-TO-DO_v2-TO-DO_v2UITests.release.xcconfig"; path = "Target Support Files/Pods-TO-DO_v2-TO-DO_v2UITests/Pods-TO-DO_v2-TO-DO_v2UITests.release.xcconfig"; sourceTree = "<group>"; };
/* End PBXFileReference section */

/* Begin PBXFrameworksBuildPhase section */
		B842EB082863AE2900141D91 /* Frameworks */ = {
			isa = PBXFrameworksBuildPhase;
			buildActionMask = 2147483647;
			files = (
				77D57CC6F84EFC43DD446BB2 /* Pods_TO_DO_v2.framework in Frameworks */,
				B8EABDE82948A618007F347C /* SwiftRedux.framework in Frameworks */,
			);
			runOnlyForDeploymentPostprocessing = 0;
		};
		B842EB1E2863AE4000141D91 /* Frameworks */ = {
			isa = PBXFrameworksBuildPhase;
			buildActionMask = 2147483647;
			files = (
				CA1DB20CCCF888B9AB8D76FC /* Pods_TO_DO_v2Tests.framework in Frameworks */,
			);
			runOnlyForDeploymentPostprocessing = 0;
		};
		B842EB282863AE4000141D91 /* Frameworks */ = {
			isa = PBXFrameworksBuildPhase;
			buildActionMask = 2147483647;
			files = (
				90BB1BEC5E80F7A7639085B6 /* Pods_TO_DO_v2_TO_DO_v2UITests.framework in Frameworks */,
			);
			runOnlyForDeploymentPostprocessing = 0;
		};
/* End PBXFrameworksBuildPhase section */

/* Begin PBXGroup section */
		2EDAD775639841FFCE4D9889 /* Pods */ = {
			isa = PBXGroup;
			children = (
				8C44D85D586860243D11C6C8 /* Pods-TO-DO_v2.debug.xcconfig */,
				78B01B5875227C1D58F96E21 /* Pods-TO-DO_v2.release.xcconfig */,
				98ADD212712F5D7966CE3C26 /* Pods-TO-DO_v2-TO-DO_v2UITests.debug.xcconfig */,
				C50726FED1F3229F50E0547D /* Pods-TO-DO_v2-TO-DO_v2UITests.release.xcconfig */,
				3FAD9FA0236D8402FE279A32 /* Pods-TO-DO_v2Tests.debug.xcconfig */,
				9925C96AF13C429E433D45DB /* Pods-TO-DO_v2Tests.release.xcconfig */,
			);
			path = Pods;
			sourceTree = "<group>";
		};
		7AD095BF84AE3E634DC65F45 /* Frameworks */ = {
			isa = PBXGroup;
			children = (
				B8FC5BA32948A4920024AE8D /* SwiftRedux.xcodeproj */,
				39DBB2F7C5A8C26B9E022062 /* Pods_TO_DO_v2.framework */,
				3CBDC9B17C06D53D03D63927 /* Pods_TO_DO_v2_TO_DO_v2UITests.framework */,
				34584FBF16C84D3964482E85 /* Pods_TO_DO_v2Tests.framework */,
			);
			name = Frameworks;
			sourceTree = "<group>";
		};
		B842EB022863AE2900141D91 = {
			isa = PBXGroup;
			children = (
				B842EB0D2863AE2900141D91 /* TO-DO_v2 */,
				B842EB242863AE4000141D91 /* TO-DO_v2Tests */,
				B842EB2E2863AE4000141D91 /* TO-DO_v2UITests */,
				B842EB0C2863AE2900141D91 /* Products */,
				2EDAD775639841FFCE4D9889 /* Pods */,
				7AD095BF84AE3E634DC65F45 /* Frameworks */,
			);
			sourceTree = "<group>";
		};
		B842EB0C2863AE2900141D91 /* Products */ = {
			isa = PBXGroup;
			children = (
				B842EB0B2863AE2900141D91 /* TO-DO_v2.app */,
				B842EB212863AE4000141D91 /* TO-DO_v2Tests.xctest */,
				B842EB2B2863AE4000141D91 /* TO-DO_v2UITests.xctest */,
			);
			name = Products;
			sourceTree = "<group>";
		};
		B842EB0D2863AE2900141D91 /* TO-DO_v2 */ = {
			isa = PBXGroup;
			children = (
				B842EB3E2863AF4100141D91 /* App */,
				B8B400B12863B5AB00A4EDB0 /* Module */,
				B8E3ACBA28686E740034E45C /* Redux */,
				B8B0A589286B8C9A007007D9 /* Util */,
			);
			path = "TO-DO_v2";
			sourceTree = "<group>";
		};
		B842EB242863AE4000141D91 /* TO-DO_v2Tests */ = {
			isa = PBXGroup;
			children = (
				B842EB252863AE4000141D91 /* TO_DO_v2Tests.swift */,
			);
			path = "TO-DO_v2Tests";
			sourceTree = "<group>";
		};
		B842EB2E2863AE4000141D91 /* TO-DO_v2UITests */ = {
			isa = PBXGroup;
			children = (
				B842EB2F2863AE4000141D91 /* TO_DO_v2UITests.swift */,
				B842EB312863AE4000141D91 /* TO_DO_v2UITestsLaunchTests.swift */,
			);
			path = "TO-DO_v2UITests";
			sourceTree = "<group>";
		};
		B842EB3E2863AF4100141D91 /* App */ = {
			isa = PBXGroup;
			children = (
				B842EB1C2863AE3E00141D91 /* Info.plist */,
				B8E3ACCB286887A30034E45C /* App.swift */,
				B842EB0E2863AE2900141D91 /* AppDelegate.swift */,
				B842EB102863AE2900141D91 /* SceneDelegate.swift */,
				B842EB172863AE3E00141D91 /* Assets.xcassets */,
				B842EB192863AE3E00141D91 /* LaunchScreen.storyboard */,
			);
			path = App;
			sourceTree = "<group>";
		};
		B8B0A589286B8C9A007007D9 /* Util */ = {
			isa = PBXGroup;
			children = (
				B8B0A58A286B8CBA007007D9 /* Extension */,
			);
			path = Util;
			sourceTree = "<group>";
		};
		B8B0A58A286B8CBA007007D9 /* Extension */ = {
			isa = PBXGroup;
			children = (
				B8B0A58B286B8CCB007007D9 /* UIView.swift */,
			);
			path = Extension;
			sourceTree = "<group>";
		};
		B8B400B12863B5AB00A4EDB0 /* Module */ = {
			isa = PBXGroup;
			children = (
				B8E3ACCF2868E57F0034E45C /* Profile */,
				B8B400B22863B5C100A4EDB0 /* ToDo */,
			);
			path = Module;
			sourceTree = "<group>";
		};
		B8B400B22863B5C100A4EDB0 /* ToDo */ = {
			isa = PBXGroup;
			children = (
				B8B0A58D286B934C007007D9 /* ToDoNavigationController.swift */,
				B8F8F643286A4D8D007083B1 /* ToDoDetail */,
				B8B400B72863B69800A4EDB0 /* ToDoList */,
			);
			path = ToDo;
			sourceTree = "<group>";
		};
		B8B400B72863B69800A4EDB0 /* ToDoList */ = {
			isa = PBXGroup;
			children = (
				B8B400B32863B5F000A4EDB0 /* ToDoListVC.swift */,
				B8B400B52863B62C00A4EDB0 /* ToDoListView.swift */,
			);
			path = ToDoList;
			sourceTree = "<group>";
		};
		B8E3ACBA28686E740034E45C /* Redux */ = {
			isa = PBXGroup;
			children = (
				B8E3ACC428686FF50034E45C /* Action */,
				B8E3ACBF28686F130034E45C /* Model */,
				B8E3ACBB28686E9C0034E45C /* Reducer */,
				B8E3ACD42868E8370034E45C /* Router */,
				B8E3ACBE28686F020034E45C /* State */,
			);
			path = Redux;
			sourceTree = "<group>";
		};
		B8E3ACBB28686E9C0034E45C /* Reducer */ = {
			isa = PBXGroup;
			children = (
				B8E3ACBC28686EAA0034E45C /* Reducer.swift */,
			);
			path = Reducer;
			sourceTree = "<group>";
		};
		B8E3ACBE28686F020034E45C /* State */ = {
			isa = PBXGroup;
			children = (
				B8E3ACC228686F530034E45C /* AppState.swift */,
			);
			path = State;
			sourceTree = "<group>";
		};
		B8E3ACBF28686F130034E45C /* Model */ = {
			isa = PBXGroup;
			children = (
				B8E3ACC028686F220034E45C /* ToDo.swift */,
			);
			path = Model;
			sourceTree = "<group>";
		};
		B8E3ACC428686FF50034E45C /* Action */ = {
			isa = PBXGroup;
			children = (
				B8E3ACC52868710D0034E45C /* AddTodoAction.swift */,
				B8E3ACC72868715A0034E45C /* RemoveToDoAction.swift */,
				B8E3ACC92868717B0034E45C /* UpdateToDoAction.swift */,
			);
			path = Action;
			sourceTree = "<group>";
		};
		B8E3ACCF2868E57F0034E45C /* Profile */ = {
			isa = PBXGroup;
			children = (
				B8E3ACD02868E5970034E45C /* ProfileView.swift */,
				B8E3ACD22868E65C0034E45C /* ProfileVC.swift */,
			);
			path = Profile;
			sourceTree = "<group>";
		};
		B8E3ACD42868E8370034E45C /* Router */ = {
			isa = PBXGroup;
			children = (
			);
			path = Router;
			sourceTree = "<group>";
		};
		B8F8F643286A4D8D007083B1 /* ToDoDetail */ = {
			isa = PBXGroup;
			children = (
				B8F8F646286A5083007083B1 /* ToDoDetailVC.swift */,
				B8F8F644286A4DCA007083B1 /* ToDoDetailView.swift */,
			);
			path = ToDoDetail;
			sourceTree = "<group>";
		};
		B8FC5BA42948A4920024AE8D /* Products */ = {
			isa = PBXGroup;
			children = (
				B8FC5BA92948A4920024AE8D /* SwiftRedux.framework */,
				B8FC5BAB2948A4920024AE8D /* SwiftReduxTests.xctest */,
			);
			name = Products;
			sourceTree = "<group>";
		};
/* End PBXGroup section */

/* Begin PBXNativeTarget section */
		B842EB0A2863AE2900141D91 /* TO-DO_v2 */ = {
			isa = PBXNativeTarget;
			buildConfigurationList = B842EB352863AE4000141D91 /* Build configuration list for PBXNativeTarget "TO-DO_v2" */;
			buildPhases = (
				DD9FFDE72A017CFA7E83FCE1 /* [CP] Check Pods Manifest.lock */,
				B842EB072863AE2900141D91 /* Sources */,
				B842EB082863AE2900141D91 /* Frameworks */,
				B842EB092863AE2900141D91 /* Resources */,
				B8EABDEA2948A619007F347C /* Embed Frameworks */,
			);
			buildRules = (
			);
			dependencies = (
			);
			name = "TO-DO_v2";
			productName = "TO-DO_v2";
			productReference = B842EB0B2863AE2900141D91 /* TO-DO_v2.app */;
			productType = "com.apple.product-type.application";
		};
		B842EB202863AE4000141D91 /* TO-DO_v2Tests */ = {
			isa = PBXNativeTarget;
			buildConfigurationList = B842EB382863AE4000141D91 /* Build configuration list for PBXNativeTarget "TO-DO_v2Tests" */;
			buildPhases = (
				F7FF8F9CB0D7164F9E512492 /* [CP] Check Pods Manifest.lock */,
				B842EB1D2863AE4000141D91 /* Sources */,
				B842EB1E2863AE4000141D91 /* Frameworks */,
				B842EB1F2863AE4000141D91 /* Resources */,
			);
			buildRules = (
			);
			dependencies = (
				B842EB232863AE4000141D91 /* PBXTargetDependency */,
			);
			name = "TO-DO_v2Tests";
			productName = "TO-DO_v2Tests";
			productReference = B842EB212863AE4000141D91 /* TO-DO_v2Tests.xctest */;
			productType = "com.apple.product-type.bundle.unit-test";
		};
		B842EB2A2863AE4000141D91 /* TO-DO_v2UITests */ = {
			isa = PBXNativeTarget;
			buildConfigurationList = B842EB3B2863AE4000141D91 /* Build configuration list for PBXNativeTarget "TO-DO_v2UITests" */;
			buildPhases = (
				37FA0FF5B06103BD1448E959 /* [CP] Check Pods Manifest.lock */,
				B842EB272863AE4000141D91 /* Sources */,
				B842EB282863AE4000141D91 /* Frameworks */,
				B842EB292863AE4000141D91 /* Resources */,
			);
			buildRules = (
			);
			dependencies = (
				B842EB2D2863AE4000141D91 /* PBXTargetDependency */,
			);
			name = "TO-DO_v2UITests";
			productName = "TO-DO_v2UITests";
			productReference = B842EB2B2863AE4000141D91 /* TO-DO_v2UITests.xctest */;
			productType = "com.apple.product-type.bundle.ui-testing";
		};
/* End PBXNativeTarget section */

/* Begin PBXProject section */
		B842EB032863AE2900141D91 /* Project object */ = {
			isa = PBXProject;
			attributes = {
				BuildIndependentTargetsInParallel = 1;
				LastSwiftUpdateCheck = 1330;
				LastUpgradeCheck = 1330;
				TargetAttributes = {
					B842EB0A2863AE2900141D91 = {
						CreatedOnToolsVersion = 13.3.1;
					};
					B842EB202863AE4000141D91 = {
						CreatedOnToolsVersion = 13.3.1;
						TestTargetID = B842EB0A2863AE2900141D91;
					};
					B842EB2A2863AE4000141D91 = {
						CreatedOnToolsVersion = 13.3.1;
						TestTargetID = B842EB0A2863AE2900141D91;
					};
				};
			};
			buildConfigurationList = B842EB062863AE2900141D91 /* Build configuration list for PBXProject "TO-DO_v2" */;
			compatibilityVersion = "Xcode 13.0";
			developmentRegion = en;
			hasScannedForEncodings = 0;
			knownRegions = (
				en,
				Base,
			);
			mainGroup = B842EB022863AE2900141D91;
			productRefGroup = B842EB0C2863AE2900141D91 /* Products */;
			projectDirPath = "";
			projectReferences = (
				{
					ProductGroup = B8FC5BA42948A4920024AE8D /* Products */;
					ProjectRef = B8FC5BA32948A4920024AE8D /* SwiftRedux.xcodeproj */;
				},
			);
			projectRoot = "";
			targets = (
				B842EB0A2863AE2900141D91 /* TO-DO_v2 */,
				B842EB202863AE4000141D91 /* TO-DO_v2Tests */,
				B842EB2A2863AE4000141D91 /* TO-DO_v2UITests */,
			);
		};
/* End PBXProject section */

/* Begin PBXReferenceProxy section */
		B8FC5BA92948A4920024AE8D /* SwiftRedux.framework */ = {
			isa = PBXReferenceProxy;
			fileType = wrapper.framework;
			path = SwiftRedux.framework;
			remoteRef = B8FC5BA82948A4920024AE8D /* PBXContainerItemProxy */;
			sourceTree = BUILT_PRODUCTS_DIR;
		};
		B8FC5BAB2948A4920024AE8D /* SwiftReduxTests.xctest */ = {
			isa = PBXReferenceProxy;
			fileType = wrapper.cfbundle;
			path = SwiftReduxTests.xctest;
			remoteRef = B8FC5BAA2948A4920024AE8D /* PBXContainerItemProxy */;
			sourceTree = BUILT_PRODUCTS_DIR;
		};
/* End PBXReferenceProxy section */

/* Begin PBXResourcesBuildPhase section */
		B842EB092863AE2900141D91 /* Resources */ = {
			isa = PBXResourcesBuildPhase;
			buildActionMask = 2147483647;
			files = (
				B842EB1B2863AE3E00141D91 /* LaunchScreen.storyboard in Resources */,
				B842EB182863AE3E00141D91 /* Assets.xcassets in Resources */,
			);
			runOnlyForDeploymentPostprocessing = 0;
		};
		B842EB1F2863AE4000141D91 /* Resources */ = {
			isa = PBXResourcesBuildPhase;
			buildActionMask = 2147483647;
			files = (
			);
			runOnlyForDeploymentPostprocessing = 0;
		};
		B842EB292863AE4000141D91 /* Resources */ = {
			isa = PBXResourcesBuildPhase;
			buildActionMask = 2147483647;
			files = (
			);
			runOnlyForDeploymentPostprocessing = 0;
		};
/* End PBXResourcesBuildPhase section */

/* Begin PBXShellScriptBuildPhase section */
		37FA0FF5B06103BD1448E959 /* [CP] Check Pods Manifest.lock */ = {
			isa = PBXShellScriptBuildPhase;
			buildActionMask = 2147483647;
			files = (
			);
			inputFileListPaths = (
			);
			inputPaths = (
				"${PODS_PODFILE_DIR_PATH}/Podfile.lock",
				"${PODS_ROOT}/Manifest.lock",
			);
			name = "[CP] Check Pods Manifest.lock";
			outputFileListPaths = (
			);
			outputPaths = (
				"$(DERIVED_FILE_DIR)/Pods-TO-DO_v2-TO-DO_v2UITests-checkManifestLockResult.txt",
			);
			runOnlyForDeploymentPostprocessing = 0;
			shellPath = /bin/sh;
			shellScript = "diff \"${PODS_PODFILE_DIR_PATH}/Podfile.lock\" \"${PODS_ROOT}/Manifest.lock\" > /dev/null\nif [ $? != 0 ] ; then\n    # print error to STDERR\n    echo \"error: The sandbox is not in sync with the Podfile.lock. Run 'pod install' or update your CocoaPods installation.\" >&2\n    exit 1\nfi\n# This output is used by Xcode 'outputs' to avoid re-running this script phase.\necho \"SUCCESS\" > \"${SCRIPT_OUTPUT_FILE_0}\"\n";
			showEnvVarsInLog = 0;
		};
		DD9FFDE72A017CFA7E83FCE1 /* [CP] Check Pods Manifest.lock */ = {
			isa = PBXShellScriptBuildPhase;
			buildActionMask = 2147483647;
			files = (
			);
			inputFileListPaths = (
			);
			inputPaths = (
				"${PODS_PODFILE_DIR_PATH}/Podfile.lock",
				"${PODS_ROOT}/Manifest.lock",
			);
			name = "[CP] Check Pods Manifest.lock";
			outputFileListPaths = (
			);
			outputPaths = (
				"$(DERIVED_FILE_DIR)/Pods-TO-DO_v2-checkManifestLockResult.txt",
			);
			runOnlyForDeploymentPostprocessing = 0;
			shellPath = /bin/sh;
			shellScript = "diff \"${PODS_PODFILE_DIR_PATH}/Podfile.lock\" \"${PODS_ROOT}/Manifest.lock\" > /dev/null\nif [ $? != 0 ] ; then\n    # print error to STDERR\n    echo \"error: The sandbox is not in sync with the Podfile.lock. Run 'pod install' or update your CocoaPods installation.\" >&2\n    exit 1\nfi\n# This output is used by Xcode 'outputs' to avoid re-running this script phase.\necho \"SUCCESS\" > \"${SCRIPT_OUTPUT_FILE_0}\"\n";
			showEnvVarsInLog = 0;
		};
		F7FF8F9CB0D7164F9E512492 /* [CP] Check Pods Manifest.lock */ = {
			isa = PBXShellScriptBuildPhase;
			buildActionMask = 2147483647;
			files = (
			);
			inputFileListPaths = (
			);
			inputPaths = (
				"${PODS_PODFILE_DIR_PATH}/Podfile.lock",
				"${PODS_ROOT}/Manifest.lock",
			);
			name = "[CP] Check Pods Manifest.lock";
			outputFileListPaths = (
			);
			outputPaths = (
				"$(DERIVED_FILE_DIR)/Pods-TO-DO_v2Tests-checkManifestLockResult.txt",
			);
			runOnlyForDeploymentPostprocessing = 0;
			shellPath = /bin/sh;
			shellScript = "diff \"${PODS_PODFILE_DIR_PATH}/Podfile.lock\" \"${PODS_ROOT}/Manifest.lock\" > /dev/null\nif [ $? != 0 ] ; then\n    # print error to STDERR\n    echo \"error: The sandbox is not in sync with the Podfile.lock. Run 'pod install' or update your CocoaPods installation.\" >&2\n    exit 1\nfi\n# This output is used by Xcode 'outputs' to avoid re-running this script phase.\necho \"SUCCESS\" > \"${SCRIPT_OUTPUT_FILE_0}\"\n";
			showEnvVarsInLog = 0;
		};
/* End PBXShellScriptBuildPhase section */

/* Begin PBXSourcesBuildPhase section */
		B842EB072863AE2900141D91 /* Sources */ = {
			isa = PBXSourcesBuildPhase;
			buildActionMask = 2147483647;
			files = (
				B8B0A58E286B934C007007D9 /* ToDoNavigationController.swift in Sources */,
				B8E3ACBD28686EAA0034E45C /* Reducer.swift in Sources */,
				B8F8F647286A5083007083B1 /* ToDoDetailVC.swift in Sources */,
				B842EB0F2863AE2900141D91 /* AppDelegate.swift in Sources */,
				B8E3ACCC286887A30034E45C /* App.swift in Sources */,
				B8F8F645286A4DCA007083B1 /* ToDoDetailView.swift in Sources */,
				B8E3ACCA2868717B0034E45C /* UpdateToDoAction.swift in Sources */,
				B8E3ACD12868E5970034E45C /* ProfileView.swift in Sources */,
				B8E3ACC328686F530034E45C /* AppState.swift in Sources */,
				B8E3ACC62868710D0034E45C /* AddTodoAction.swift in Sources */,
				B842EB112863AE2900141D91 /* SceneDelegate.swift in Sources */,
				B8E3ACD32868E65C0034E45C /* ProfileVC.swift in Sources */,
				B8E3ACC128686F220034E45C /* ToDo.swift in Sources */,
				B8E3ACC82868715A0034E45C /* RemoveToDoAction.swift in Sources */,
				B8B400B62863B62C00A4EDB0 /* ToDoListView.swift in Sources */,
				B8B0A58C286B8CCB007007D9 /* UIView.swift in Sources */,
				B8B400B42863B5F000A4EDB0 /* ToDoListVC.swift in Sources */,
			);
			runOnlyForDeploymentPostprocessing = 0;
		};
		B842EB1D2863AE4000141D91 /* Sources */ = {
			isa = PBXSourcesBuildPhase;
			buildActionMask = 2147483647;
			files = (
				B842EB262863AE4000141D91 /* TO_DO_v2Tests.swift in Sources */,
			);
			runOnlyForDeploymentPostprocessing = 0;
		};
		B842EB272863AE4000141D91 /* Sources */ = {
			isa = PBXSourcesBuildPhase;
			buildActionMask = 2147483647;
			files = (
				B842EB322863AE4000141D91 /* TO_DO_v2UITestsLaunchTests.swift in Sources */,
				B842EB302863AE4000141D91 /* TO_DO_v2UITests.swift in Sources */,
			);
			runOnlyForDeploymentPostprocessing = 0;
		};
/* End PBXSourcesBuildPhase section */

/* Begin PBXTargetDependency section */
		B842EB232863AE4000141D91 /* PBXTargetDependency */ = {
			isa = PBXTargetDependency;
			target = B842EB0A2863AE2900141D91 /* TO-DO_v2 */;
			targetProxy = B842EB222863AE4000141D91 /* PBXContainerItemProxy */;
		};
		B842EB2D2863AE4000141D91 /* PBXTargetDependency */ = {
			isa = PBXTargetDependency;
			target = B842EB0A2863AE2900141D91 /* TO-DO_v2 */;
			targetProxy = B842EB2C2863AE4000141D91 /* PBXContainerItemProxy */;
		};
/* End PBXTargetDependency section */

/* Begin PBXVariantGroup section */
		B842EB192863AE3E00141D91 /* LaunchScreen.storyboard */ = {
			isa = PBXVariantGroup;
			children = (
				B842EB1A2863AE3E00141D91 /* Base */,
			);
			name = LaunchScreen.storyboard;
			sourceTree = "<group>";
		};
/* End PBXVariantGroup section */

/* Begin XCBuildConfiguration section */
		B842EB332863AE4000141D91 /* Debug */ = {
			isa = XCBuildConfiguration;
			buildSettings = {
				ALWAYS_SEARCH_USER_PATHS = NO;
				CLANG_ANALYZER_NONNULL = YES;
				CLANG_ANALYZER_NUMBER_OBJECT_CONVERSION = YES_AGGRESSIVE;
				CLANG_CXX_LANGUAGE_STANDARD = "gnu++17";
				CLANG_ENABLE_MODULES = YES;
				CLANG_ENABLE_OBJC_ARC = YES;
				CLANG_ENABLE_OBJC_WEAK = YES;
				CLANG_WARN_BLOCK_CAPTURE_AUTORELEASING = YES;
				CLANG_WARN_BOOL_CONVERSION = YES;
				CLANG_WARN_COMMA = YES;
				CLANG_WARN_CONSTANT_CONVERSION = YES;
				CLANG_WARN_DEPRECATED_OBJC_IMPLEMENTATIONS = YES;
				CLANG_WARN_DIRECT_OBJC_ISA_USAGE = YES_ERROR;
				CLANG_WARN_DOCUMENTATION_COMMENTS = YES;
				CLANG_WARN_EMPTY_BODY = YES;
				CLANG_WARN_ENUM_CONVERSION = YES;
				CLANG_WARN_INFINITE_RECURSION = YES;
				CLANG_WARN_INT_CONVERSION = YES;
				CLANG_WARN_NON_LITERAL_NULL_CONVERSION = YES;
				CLANG_WARN_OBJC_IMPLICIT_RETAIN_SELF = YES;
				CLANG_WARN_OBJC_LITERAL_CONVERSION = YES;
				CLANG_WARN_OBJC_ROOT_CLASS = YES_ERROR;
				CLANG_WARN_QUOTED_INCLUDE_IN_FRAMEWORK_HEADER = YES;
				CLANG_WARN_RANGE_LOOP_ANALYSIS = YES;
				CLANG_WARN_STRICT_PROTOTYPES = YES;
				CLANG_WARN_SUSPICIOUS_MOVE = YES;
				CLANG_WARN_UNGUARDED_AVAILABILITY = YES_AGGRESSIVE;
				CLANG_WARN_UNREACHABLE_CODE = YES;
				CLANG_WARN__DUPLICATE_METHOD_MATCH = YES;
				COPY_PHASE_STRIP = NO;
				DEBUG_INFORMATION_FORMAT = dwarf;
				ENABLE_STRICT_OBJC_MSGSEND = YES;
				ENABLE_TESTABILITY = YES;
				GCC_C_LANGUAGE_STANDARD = gnu11;
				GCC_DYNAMIC_NO_PIC = NO;
				GCC_NO_COMMON_BLOCKS = YES;
				GCC_OPTIMIZATION_LEVEL = 0;
				GCC_PREPROCESSOR_DEFINITIONS = (
					"DEBUG=1",
					"$(inherited)",
				);
				GCC_WARN_64_TO_32_BIT_CONVERSION = YES;
				GCC_WARN_ABOUT_RETURN_TYPE = YES_ERROR;
				GCC_WARN_UNDECLARED_SELECTOR = YES;
				GCC_WARN_UNINITIALIZED_AUTOS = YES_AGGRESSIVE;
				GCC_WARN_UNUSED_FUNCTION = YES;
				GCC_WARN_UNUSED_VARIABLE = YES;
				IPHONEOS_DEPLOYMENT_TARGET = 15.4;
				MTL_ENABLE_DEBUG_INFO = INCLUDE_SOURCE;
				MTL_FAST_MATH = YES;
				ONLY_ACTIVE_ARCH = YES;
				SDKROOT = iphoneos;
				SWIFT_ACTIVE_COMPILATION_CONDITIONS = DEBUG;
				SWIFT_OPTIMIZATION_LEVEL = "-Onone";
			};
			name = Debug;
		};
		B842EB342863AE4000141D91 /* Release */ = {
			isa = XCBuildConfiguration;
			buildSettings = {
				ALWAYS_SEARCH_USER_PATHS = NO;
				CLANG_ANALYZER_NONNULL = YES;
				CLANG_ANALYZER_NUMBER_OBJECT_CONVERSION = YES_AGGRESSIVE;
				CLANG_CXX_LANGUAGE_STANDARD = "gnu++17";
				CLANG_ENABLE_MODULES = YES;
				CLANG_ENABLE_OBJC_ARC = YES;
				CLANG_ENABLE_OBJC_WEAK = YES;
				CLANG_WARN_BLOCK_CAPTURE_AUTORELEASING = YES;
				CLANG_WARN_BOOL_CONVERSION = YES;
				CLANG_WARN_COMMA = YES;
				CLANG_WARN_CONSTANT_CONVERSION = YES;
				CLANG_WARN_DEPRECATED_OBJC_IMPLEMENTATIONS = YES;
				CLANG_WARN_DIRECT_OBJC_ISA_USAGE = YES_ERROR;
				CLANG_WARN_DOCUMENTATION_COMMENTS = YES;
				CLANG_WARN_EMPTY_BODY = YES;
				CLANG_WARN_ENUM_CONVERSION = YES;
				CLANG_WARN_INFINITE_RECURSION = YES;
				CLANG_WARN_INT_CONVERSION = YES;
				CLANG_WARN_NON_LITERAL_NULL_CONVERSION = YES;
				CLANG_WARN_OBJC_IMPLICIT_RETAIN_SELF = YES;
				CLANG_WARN_OBJC_LITERAL_CONVERSION = YES;
				CLANG_WARN_OBJC_ROOT_CLASS = YES_ERROR;
				CLANG_WARN_QUOTED_INCLUDE_IN_FRAMEWORK_HEADER = YES;
				CLANG_WARN_RANGE_LOOP_ANALYSIS = YES;
				CLANG_WARN_STRICT_PROTOTYPES = YES;
				CLANG_WARN_SUSPICIOUS_MOVE = YES;
				CLANG_WARN_UNGUARDED_AVAILABILITY = YES_AGGRESSIVE;
				CLANG_WARN_UNREACHABLE_CODE = YES;
				CLANG_WARN__DUPLICATE_METHOD_MATCH = YES;
				COPY_PHASE_STRIP = NO;
				DEBUG_INFORMATION_FORMAT = "dwarf-with-dsym";
				ENABLE_NS_ASSERTIONS = NO;
				ENABLE_STRICT_OBJC_MSGSEND = YES;
				GCC_C_LANGUAGE_STANDARD = gnu11;
				GCC_NO_COMMON_BLOCKS = YES;
				GCC_WARN_64_TO_32_BIT_CONVERSION = YES;
				GCC_WARN_ABOUT_RETURN_TYPE = YES_ERROR;
				GCC_WARN_UNDECLARED_SELECTOR = YES;
				GCC_WARN_UNINITIALIZED_AUTOS = YES_AGGRESSIVE;
				GCC_WARN_UNUSED_FUNCTION = YES;
				GCC_WARN_UNUSED_VARIABLE = YES;
				IPHONEOS_DEPLOYMENT_TARGET = 15.4;
				MTL_ENABLE_DEBUG_INFO = NO;
				MTL_FAST_MATH = YES;
				SDKROOT = iphoneos;
				SWIFT_COMPILATION_MODE = wholemodule;
				SWIFT_OPTIMIZATION_LEVEL = "-O";
				VALIDATE_PRODUCT = YES;
			};
			name = Release;
		};
		B842EB362863AE4000141D91 /* Debug */ = {
			isa = XCBuildConfiguration;
			baseConfigurationReference = 8C44D85D586860243D11C6C8 /* Pods-TO-DO_v2.debug.xcconfig */;
			buildSettings = {
				ASSETCATALOG_COMPILER_APPICON_NAME = AppIcon;
				ASSETCATALOG_COMPILER_GLOBAL_ACCENT_COLOR_NAME = AccentColor;
				CODE_SIGN_STYLE = Automatic;
				CURRENT_PROJECT_VERSION = 1;
				DEVELOPMENT_TEAM = GFX4R389MT;
				GENERATE_INFOPLIST_FILE = YES;
				INFOPLIST_FILE = "TO-DO_v2/App/Info.plist";
				INFOPLIST_KEY_UIApplicationSupportsIndirectInputEvents = YES;
				INFOPLIST_KEY_UILaunchStoryboardName = LaunchScreen;
				INFOPLIST_KEY_UISupportedInterfaceOrientations_iPad = "UIInterfaceOrientationPortrait UIInterfaceOrientationPortraitUpsideDown UIInterfaceOrientationLandscapeLeft UIInterfaceOrientationLandscapeRight";
				INFOPLIST_KEY_UISupportedInterfaceOrientations_iPhone = "UIInterfaceOrientationPortrait UIInterfaceOrientationLandscapeLeft UIInterfaceOrientationLandscapeRight";
				LD_RUNPATH_SEARCH_PATHS = (
					"$(inherited)",
					"@executable_path/Frameworks",
				);
				MARKETING_VERSION = 1.0;
				PRODUCT_BUNDLE_IDENTIFIER = "simpleapp.TO-DO-v2";
				PRODUCT_NAME = "$(TARGET_NAME)";
				SWIFT_EMIT_LOC_STRINGS = YES;
				SWIFT_VERSION = 5.0;
				TARGETED_DEVICE_FAMILY = "1,2";
			};
			name = Debug;
		};
		B842EB372863AE4000141D91 /* Release */ = {
			isa = XCBuildConfiguration;
			baseConfigurationReference = 78B01B5875227C1D58F96E21 /* Pods-TO-DO_v2.release.xcconfig */;
			buildSettings = {
				ASSETCATALOG_COMPILER_APPICON_NAME = AppIcon;
				ASSETCATALOG_COMPILER_GLOBAL_ACCENT_COLOR_NAME = AccentColor;
				CODE_SIGN_STYLE = Automatic;
				CURRENT_PROJECT_VERSION = 1;
				DEVELOPMENT_TEAM = GFX4R389MT;
				GENERATE_INFOPLIST_FILE = YES;
				INFOPLIST_FILE = "TO-DO_v2/App/Info.plist";
				INFOPLIST_KEY_UIApplicationSupportsIndirectInputEvents = YES;
				INFOPLIST_KEY_UILaunchStoryboardName = LaunchScreen;
				INFOPLIST_KEY_UISupportedInterfaceOrientations_iPad = "UIInterfaceOrientationPortrait UIInterfaceOrientationPortraitUpsideDown UIInterfaceOrientationLandscapeLeft UIInterfaceOrientationLandscapeRight";
				INFOPLIST_KEY_UISupportedInterfaceOrientations_iPhone = "UIInterfaceOrientationPortrait UIInterfaceOrientationLandscapeLeft UIInterfaceOrientationLandscapeRight";
				LD_RUNPATH_SEARCH_PATHS = (
					"$(inherited)",
					"@executable_path/Frameworks",
				);
				MARKETING_VERSION = 1.0;
				PRODUCT_BUNDLE_IDENTIFIER = "simpleapp.TO-DO-v2";
				PRODUCT_NAME = "$(TARGET_NAME)";
				SWIFT_EMIT_LOC_STRINGS = YES;
				SWIFT_VERSION = 5.0;
				TARGETED_DEVICE_FAMILY = "1,2";
			};
			name = Release;
		};
		B842EB392863AE4000141D91 /* Debug */ = {
			isa = XCBuildConfiguration;
			baseConfigurationReference = 3FAD9FA0236D8402FE279A32 /* Pods-TO-DO_v2Tests.debug.xcconfig */;
			buildSettings = {
				ALWAYS_EMBED_SWIFT_STANDARD_LIBRARIES = YES;
				BUNDLE_LOADER = "$(TEST_HOST)";
				CODE_SIGN_STYLE = Automatic;
				CURRENT_PROJECT_VERSION = 1;
				DEVELOPMENT_TEAM = GFX4R389MT;
				GENERATE_INFOPLIST_FILE = YES;
				IPHONEOS_DEPLOYMENT_TARGET = 15.4;
				MARKETING_VERSION = 1.0;
				PRODUCT_BUNDLE_IDENTIFIER = "simpleapp.TO-DO-v2Tests";
				PRODUCT_NAME = "$(TARGET_NAME)";
				SWIFT_EMIT_LOC_STRINGS = NO;
				SWIFT_VERSION = 5.0;
				TARGETED_DEVICE_FAMILY = "1,2";
				TEST_HOST = "$(BUILT_PRODUCTS_DIR)/TO-DO_v2.app/TO-DO_v2";
			};
			name = Debug;
		};
		B842EB3A2863AE4000141D91 /* Release */ = {
			isa = XCBuildConfiguration;
			baseConfigurationReference = 9925C96AF13C429E433D45DB /* Pods-TO-DO_v2Tests.release.xcconfig */;
			buildSettings = {
				ALWAYS_EMBED_SWIFT_STANDARD_LIBRARIES = YES;
				BUNDLE_LOADER = "$(TEST_HOST)";
				CODE_SIGN_STYLE = Automatic;
				CURRENT_PROJECT_VERSION = 1;
				DEVELOPMENT_TEAM = GFX4R389MT;
				GENERATE_INFOPLIST_FILE = YES;
				IPHONEOS_DEPLOYMENT_TARGET = 15.4;
				MARKETING_VERSION = 1.0;
				PRODUCT_BUNDLE_IDENTIFIER = "simpleapp.TO-DO-v2Tests";
				PRODUCT_NAME = "$(TARGET_NAME)";
				SWIFT_EMIT_LOC_STRINGS = NO;
				SWIFT_VERSION = 5.0;
				TARGETED_DEVICE_FAMILY = "1,2";
				TEST_HOST = "$(BUILT_PRODUCTS_DIR)/TO-DO_v2.app/TO-DO_v2";
			};
			name = Release;
		};
		B842EB3C2863AE4000141D91 /* Debug */ = {
			isa = XCBuildConfiguration;
			baseConfigurationReference = 98ADD212712F5D7966CE3C26 /* Pods-TO-DO_v2-TO-DO_v2UITests.debug.xcconfig */;
			buildSettings = {
				ALWAYS_EMBED_SWIFT_STANDARD_LIBRARIES = YES;
				CODE_SIGN_STYLE = Automatic;
				CURRENT_PROJECT_VERSION = 1;
				DEVELOPMENT_TEAM = GFX4R389MT;
				GENERATE_INFOPLIST_FILE = YES;
				MARKETING_VERSION = 1.0;
				PRODUCT_BUNDLE_IDENTIFIER = "simpleapp.TO-DO-v2UITests";
				PRODUCT_NAME = "$(TARGET_NAME)";
				SWIFT_EMIT_LOC_STRINGS = NO;
				SWIFT_VERSION = 5.0;
				TARGETED_DEVICE_FAMILY = "1,2";
				TEST_TARGET_NAME = "TO-DO_v2";
			};
			name = Debug;
		};
		B842EB3D2863AE4000141D91 /* Release */ = {
			isa = XCBuildConfiguration;
			baseConfigurationReference = C50726FED1F3229F50E0547D /* Pods-TO-DO_v2-TO-DO_v2UITests.release.xcconfig */;
			buildSettings = {
				ALWAYS_EMBED_SWIFT_STANDARD_LIBRARIES = YES;
				CODE_SIGN_STYLE = Automatic;
				CURRENT_PROJECT_VERSION = 1;
				DEVELOPMENT_TEAM = GFX4R389MT;
				GENERATE_INFOPLIST_FILE = YES;
				MARKETING_VERSION = 1.0;
				PRODUCT_BUNDLE_IDENTIFIER = "simpleapp.TO-DO-v2UITests";
				PRODUCT_NAME = "$(TARGET_NAME)";
				SWIFT_EMIT_LOC_STRINGS = NO;
				SWIFT_VERSION = 5.0;
				TARGETED_DEVICE_FAMILY = "1,2";
				TEST_TARGET_NAME = "TO-DO_v2";
			};
			name = Release;
		};
/* End XCBuildConfiguration section */

/* Begin XCConfigurationList section */
		B842EB062863AE2900141D91 /* Build configuration list for PBXProject "TO-DO_v2" */ = {
			isa = XCConfigurationList;
			buildConfigurations = (
				B842EB332863AE4000141D91 /* Debug */,
				B842EB342863AE4000141D91 /* Release */,
			);
			defaultConfigurationIsVisible = 0;
			defaultConfigurationName = Release;
		};
		B842EB352863AE4000141D91 /* Build configuration list for PBXNativeTarget "TO-DO_v2" */ = {
			isa = XCConfigurationList;
			buildConfigurations = (
				B842EB362863AE4000141D91 /* Debug */,
				B842EB372863AE4000141D91 /* Release */,
			);
			defaultConfigurationIsVisible = 0;
			defaultConfigurationName = Release;
		};
		B842EB382863AE4000141D91 /* Build configuration list for PBXNativeTarget "TO-DO_v2Tests" */ = {
			isa = XCConfigurationList;
			buildConfigurations = (
				B842EB392863AE4000141D91 /* Debug */,
				B842EB3A2863AE4000141D91 /* Release */,
			);
			defaultConfigurationIsVisible = 0;
			defaultConfigurationName = Release;
		};
		B842EB3B2863AE4000141D91 /* Build configuration list for PBXNativeTarget "TO-DO_v2UITests" */ = {
			isa = XCConfigurationList;
			buildConfigurations = (
				B842EB3C2863AE4000141D91 /* Debug */,
				B842EB3D2863AE4000141D91 /* Release */,
			);
			defaultConfigurationIsVisible = 0;
			defaultConfigurationName = Release;
		};
/* End XCConfigurationList section */
	};
	rootObject = B842EB032863AE2900141D91 /* Project object */;
}
